
Microsoft Visual Studio Solution File, Format Version 12.00
# Visual Studio Version 17
VisualStudioVersion = 17.8.34316.72
MinimumVisualStudioVersion = 10.0.40219.1
Project("{FAE04EC0-301F-11D3-BF4B-00C04F79EFBC}") = "Juego.PicasYFijas", "Juego.PicasYFijas.csproj", "{A6CACF98-EA10-4A80-B7E6-54713FEE4621}"
EndProject
Global
	GlobalSection(SolutionConfigurationPlatforms) = preSolution
		Debug|Any CPU = Debug|Any CPU
		Release|Any CPU = Release|Any CPU
	EndGlobalSection
	GlobalSection(ProjectConfigurationPlatforms) = postSolution
		{A6CACF98-EA10-4A80-B7E6-54713FEE4621}.Debug|Any CPU.ActiveCfg = Debug|Any CPU
		{A6CACF98-EA10-4A80-B7E6-54713FEE4621}.Debug|Any CPU.Build.0 = Debug|Any CPU
		{A6CACF98-EA10-4A80-B7E6-54713FEE4621}.Release|Any CPU.ActiveCfg = Release|Any CPU
		{A6CACF98-EA10-4A80-B7E6-54713FEE4621}.Release|Any CPU.Build.0 = Release|Any CPU
	EndGlobalSection
	GlobalSection(SolutionProperties) = preSolution
		HideSolutionNode = FALSE
	EndGlobalSection
	GlobalSection(ExtensibilityGlobals) = postSolution
		SolutionGuid = {85319F4D-28D4-476D-B9BE-2B212E05BD2A}
	EndGlobalSection
EndGlobal
